{
  "name": "Tools-Library",
  "version": "1.0.0",
  "lockfileVersion": 1,
  "requires": true,
  "dependencies": {
    "dayjs": {
      "version": "1.11.9",
      "resolved": "https://registry.npmmirror.com/dayjs/-/dayjs-1.11.9.tgz",
      "integrity": "sha512-QvzAURSbQ0pKdIye2txOzNaHmxtUBXerpY0FJsFXUMKbIZeFm5ht1LS/jFsrncjnmtv8HsG0W2g6c0zUjZWmpA=="
    },
    "tdesign-miniprogram": {
      "version": "1.1.14",
      "resolved": "https://registry.npmmirror.com/tdesign-miniprogram/-/tdesign-miniprogram-1.1.14.tgz",
      "integrity": "sha512-Ywn/KqiF+APdp5ea5b0yahc6PJlNCqmrLJ/UKY1eN8iHgSvGRez96xRUxZWwPz5da2DGwGjhVncrTq43WgnpQA==",
      "requires": {
        "dayjs": "^1.10.7"
      }
    }
  }
}
