{
  "name": "Tools-Library",
  "version": "1.0.0",
  "lockfileVersion": 1,
  "requires": true,
  "dependencies": {
    "dayjs": {
      "version": "1.11.9",
      "resolved": "https://registry.npmmirror.com/dayjs/-/dayjs-1.11.9.tgz",
      "integrity": "sha512-QvzAURSbQ0pKdIye2txOzNaHmxtUBXerpY0FJsFXUMKbIZeFm5ht1LS/jFsrncjnmtv8HsG0W2g6c0zUjZWmpA=="
    },
    "tdesign-miniprogram": {
      "version": "1.1.14",
      "resolved": "https://registry.npmmirror.com/tdesign-miniprogram/-/tdesign-miniprogram-1.1.14.tgz",
      "integrity": "sha512-Ywn/KqiF+APdp5ea5b0yahc6PJlNCqmrLJ/UKY1eN8iHgSvGRez96xRUxZWwPz5da2DGwGjhVncrTq43WgnpQA==",
      "requires": {
        "dayjs": "^1.10.7"
      }
    },
    "wx-qr": {
      "version": "0.1.2",
      "resolved": "https://registry.npmmirror.com/wx-qr/-/wx-qr-0.1.2.tgz",
      "integrity": "sha512-U9c6qtQdHYIVnv3joK7FJK1yn3Ia6JTUUaUTTl2RjSxst3NxGr21ytJQ9UngTIIn87g19udFiUHVaQvxmJ4uIQ=="
    },
    "wxbarcode": {
      "version": "1.0.2",
      "resolved": "https://registry.npmmirror.com/wxbarcode/-/wxbarcode-1.0.2.tgz",
      "integrity": "sha512-QFNva4OKNn6M3fYXLg+W+JI2FqdNeK69sSgLmxc36OPcrsDiR04If8SqGC4a6xMFHby0iiOFjIF8vsrtbXkRGA=="
    }
  }
}
